
Microsoft Visual Studio Solution File, Format Version 10.00
# Visual Studio 2008
Project("{8BC9CEB8-8B4A-11D0-8D11-00A0C91BC942}") = "mtrace", "mtrace.vcproj", "{E056B141-9568-48B7-94FD-B3B2025B2EAA}"
EndProject
Global
	GlobalSection(SolutionConfigurationPlatforms) = preSolution
		Debug|Win32 = Debug|Win32
		Release|Win32 = Release|Win32
	EndGlobalSection
	GlobalSection(ProjectConfigurationPlatforms) = postSolution
		{E056B141-9568-48B7-94FD-B3B2025B2EAA}.Debug|Win32.ActiveCfg = Debug|Win32
		{E056B141-9568-48B7-94FD-B3B2025B2EAA}.Debug|Win32.Build.0 = Debug|Win32
		{E056B141-9568-48B7-94FD-B3B2025B2EAA}.Release|Win32.ActiveCfg = Release|Win32
		{E056B141-9568-48B7-94FD-B3B2025B2EAA}.Release|Win32.Build.0 = Release|Win32
	EndGlobalSection
	GlobalSection(SolutionProperties) = preSolution
		HideSolutionNode = FALSE
	EndGlobalSection
EndGlobal
