
Microsoft Visual Studio Solution File, Format Version 10.00
# Visual Studio 2008
Project("{8BC9CEB8-8B4A-11D0-8D11-00A0C91BC942}") = "grammar-based-analyzer", "grammar-based-analyzer.vcproj", "{ABAC16C5-C1B4-4F15-B7CF-F147F1944133}"
EndProject
Global
	GlobalSection(SolutionConfigurationPlatforms) = preSolution
		Debug|Win32 = Debug|Win32
		Release|Win32 = Release|Win32
	EndGlobalSection
	GlobalSection(ProjectConfigurationPlatforms) = postSolution
		{ABAC16C5-C1B4-4F15-B7CF-F147F1944133}.Debug|Win32.ActiveCfg = Debug|Win32
		{ABAC16C5-C1B4-4F15-B7CF-F147F1944133}.Debug|Win32.Build.0 = Debug|Win32
		{ABAC16C5-C1B4-4F15-B7CF-F147F1944133}.Release|Win32.ActiveCfg = Release|Win32
		{ABAC16C5-C1B4-4F15-B7CF-F147F1944133}.Release|Win32.Build.0 = Release|Win32
	EndGlobalSection
	GlobalSection(SolutionProperties) = preSolution
		HideSolutionNode = FALSE
	EndGlobalSection
EndGlobal
